lockfile_version: '1'
generated_at: '2026-08-11T06:02:28.777276+00:00'
apm_version: 0.27.0
dependencies:
- repo_url: aoirint/skills
  name: skills
  host: github.com
  resolved_commit: 7ee24b75904233a42a7fc01d79c6dfc81ca36d7c
  resolved_ref: 7ee24b75904233a42a7fc01d79c6dfc81ca36d7c
  version: 0.0.0
  package_type: apm_package
  content_hash: sha256:9880f8b48160964a276f061840d95504326316fdbb1647f88b4ab8c16fed7f85
  skill_subset:
  - apm-workflow
  - bepinex-mono-mod-quality-check
  - changelog-workflow
  - code-quality-check
  - commit-message-quality-check
  - git-worktree-workflow
  - github-actions-quality-check
  - github-workflow
  - gitignore-workflow
  - lethal-company-analyze
  - prose-quality-check
  - release-note-workflow
  - rollout-workflow
  - security-check
  - software-documentation-maintenance
  - test-quality-check
  - unity-game-analyze
  declared_license: MIT
deployments: []
