lockfile_version: '1'
generated_at: '2026-08-11T07:14:22.111353+00:00'
apm_version: 0.27.0
dependencies:
- repo_url: aoirint/skills
  name: skills
  host: github.com
  resolved_commit: 6a1e6431bbaed762f55783c3dcd7dc4b07736596
  resolved_ref: 6a1e6431bbaed762f55783c3dcd7dc4b07736596
  version: 0.0.0
  package_type: apm_package
  content_hash: sha256:ac27952ee585df0cc8fdfb53d02e4681405ca7b5eebb80f2c2d1707342adaeef
  skill_subset:
  - apm-workflow
  - bepinex-mono-mod-quality-check
  - changelog-workflow
  - code-quality-check
  - commit-message-quality-check
  - git-worktree-workflow
  - github-actions-quality-check
  - github-workflow
  - gitignore-workflow
  - lethal-company-analyze
  - prose-quality-check
  - release-note-workflow
  - rollout-workflow
  - security-check
  - software-documentation-maintenance
  - test-quality-check
  - unity-game-analyze
  declared_license: MIT
deployments: []
